
Microsoft Visual Studio Solution File, Format Version 12.00
# Visual Studio 15
VisualStudioVersion = 15.0.27703.2042
MinimumVisualStudioVersion = 10.0.40219.1
Project("{FAE04EC0-301F-11D3-BF4B-00C04F79EFBC}") = "DrinkAndGo", "DrinkAndGo\DrinkAndGo.csproj", "{59C798E9-7127-4CA7-A4F7-9EA439583A69}"
EndProject
Global
	GlobalSection(SolutionConfigurationPlatforms) = preSolution
		Debug|Any CPU = Debug|Any CPU
		Release|Any CPU = Release|Any CPU
	EndGlobalSection
	GlobalSection(ProjectConfigurationPlatforms) = postSolution
		{59C798E9-7127-4CA7-A4F7-9EA439583A69}.Debug|Any CPU.ActiveCfg = Debug|Any CPU
		{59C798E9-7127-4CA7-A4F7-9EA439583A69}.Debug|Any CPU.Build.0 = Debug|Any CPU
		{59C798E9-7127-4CA7-A4F7-9EA439583A69}.Release|Any CPU.ActiveCfg = Release|Any CPU
		{59C798E9-7127-4CA7-A4F7-9EA439583A69}.Release|Any CPU.Build.0 = Release|Any CPU
	EndGlobalSection
	GlobalSection(SolutionProperties) = preSolution
		HideSolutionNode = FALSE
	EndGlobalSection
	GlobalSection(ExtensibilityGlobals) = postSolution
		SolutionGuid = {CBBF60DC-F003-493F-B3CD-C5636C8A8C00}
	EndGlobalSection
EndGlobal
