
Microsoft Visual Studio Solution File, Format Version 12.00
# Visual Studio 15
VisualStudioVersion = 15.0.28307.136
MinimumVisualStudioVersion = 10.0.40219.1
Project("{FAE04EC0-301F-11D3-BF4B-00C04F79EFBC}") = "DownloadFile", "DownloadFile\DownloadFile.csproj", "{FFC80FA7-0B08-446C-820A-8415519B6C47}"
EndProject
Global
	GlobalSection(SolutionConfigurationPlatforms) = preSolution
		Debug|Any CPU = Debug|Any CPU
		Release|Any CPU = Release|Any CPU
	EndGlobalSection
	GlobalSection(ProjectConfigurationPlatforms) = postSolution
		{FFC80FA7-0B08-446C-820A-8415519B6C47}.Debug|Any CPU.ActiveCfg = Debug|Any CPU
		{FFC80FA7-0B08-446C-820A-8415519B6C47}.Debug|Any CPU.Build.0 = Debug|Any CPU
		{FFC80FA7-0B08-446C-820A-8415519B6C47}.Release|Any CPU.ActiveCfg = Release|Any CPU
		{FFC80FA7-0B08-446C-820A-8415519B6C47}.Release|Any CPU.Build.0 = Release|Any CPU
	EndGlobalSection
	GlobalSection(SolutionProperties) = preSolution
		HideSolutionNode = FALSE
	EndGlobalSection
	GlobalSection(ExtensibilityGlobals) = postSolution
		SolutionGuid = {A2CFA96A-C602-41E2-A6A4-D47B8BE89A65}
	EndGlobalSection
EndGlobal
